
Microsoft Visual Studio Solution File, Format Version 12.00
# Visual Studio Version 17
VisualStudioVersion = 17.4.33205.214
MinimumVisualStudioVersion = 10.0.40219.1
Project("{9A19103F-16F7-4668-BE54-9A1E7A4F7556}") = "PackIT.Api", "PackIT.Api\PackIT.Api.csproj", "{88358411-475E-4D98-A152-16D36F776C23}"
EndProject
Project("{9A19103F-16F7-4668-BE54-9A1E7A4F7556}") = "PackIT.Domain", "PackIT.Domain\PackIT.Domain.csproj", "{CFF4775F-DBC6-4126-857C-CA585AB5673F}"
EndProject
Project("{9A19103F-16F7-4668-BE54-9A1E7A4F7556}") = "PackIT.Application", "PackIT.Application\PackIT.Application.csproj", "{16BE01A3-65CA-4475-8ED7-E1BF31885038}"
EndProject
Project("{9A19103F-16F7-4668-BE54-9A1E7A4F7556}") = "PackIT.Infrastructure", "PackIT.Infrastructure\PackIT.Infrastructure.csproj", "{0E580F89-B4ED-4F6E-89B4-5276BFFC93D7}"
EndProject
Project("{9A19103F-16F7-4668-BE54-9A1E7A4F7556}") = "PackIT.Shared.Abstractions", "PackIT.Shared.Abstractions\PackIT.Shared.Abstractions.csproj", "{46EC6A6C-A57B-46E3-A279-BCA11B122C34}"
EndProject
Project("{9A19103F-16F7-4668-BE54-9A1E7A4F7556}") = "PackIT.Shared", "PackIT.Shared\PackIT.Shared.csproj", "{EF06E7C4-F4D2-4B62-A83D-038FA51F78F2}"
EndProject
Project("{FAE04EC0-301F-11D3-BF4B-00C04F79EFBC}") = "PackIT.UnitTests", "PackIT.UnitTests\PackIT.UnitTests.csproj", "{4A97AEED-D587-42E4-AC82-915CD72287AD}"
EndProject
Global
	GlobalSection(SolutionConfigurationPlatforms) = preSolution
		Debug|Any CPU = Debug|Any CPU
		Release|Any CPU = Release|Any CPU
	EndGlobalSection
	GlobalSection(ProjectConfigurationPlatforms) = postSolution
		{88358411-475E-4D98-A152-16D36F776C23}.Debug|Any CPU.ActiveCfg = Debug|Any CPU
		{88358411-475E-4D98-A152-16D36F776C23}.Debug|Any CPU.Build.0 = Debug|Any CPU
		{88358411-475E-4D98-A152-16D36F776C23}.Release|Any CPU.ActiveCfg = Release|Any CPU
		{88358411-475E-4D98-A152-16D36F776C23}.Release|Any CPU.Build.0 = Release|Any CPU
		{CFF4775F-DBC6-4126-857C-CA585AB5673F}.Debug|Any CPU.ActiveCfg = Debug|Any CPU
		{CFF4775F-DBC6-4126-857C-CA585AB5673F}.Debug|Any CPU.Build.0 = Debug|Any CPU
		{CFF4775F-DBC6-4126-857C-CA585AB5673F}.Release|Any CPU.ActiveCfg = Release|Any CPU
		{CFF4775F-DBC6-4126-857C-CA585AB5673F}.Release|Any CPU.Build.0 = Release|Any CPU
		{16BE01A3-65CA-4475-8ED7-E1BF31885038}.Debug|Any CPU.ActiveCfg = Debug|Any CPU
		{16BE01A3-65CA-4475-8ED7-E1BF31885038}.Debug|Any CPU.Build.0 = Debug|Any CPU
		{16BE01A3-65CA-4475-8ED7-E1BF31885038}.Release|Any CPU.ActiveCfg = Release|Any CPU
		{16BE01A3-65CA-4475-8ED7-E1BF31885038}.Release|Any CPU.Build.0 = Release|Any CPU
		{0E580F89-B4ED-4F6E-89B4-5276BFFC93D7}.Debug|Any CPU.ActiveCfg = Debug|Any CPU
		{0E580F89-B4ED-4F6E-89B4-5276BFFC93D7}.Debug|Any CPU.Build.0 = Debug|Any CPU
		{0E580F89-B4ED-4F6E-89B4-5276BFFC93D7}.Release|Any CPU.ActiveCfg = Release|Any CPU
		{0E580F89-B4ED-4F6E-89B4-5276BFFC93D7}.Release|Any CPU.Build.0 = Release|Any CPU
		{46EC6A6C-A57B-46E3-A279-BCA11B122C34}.Debug|Any CPU.ActiveCfg = Debug|Any CPU
		{46EC6A6C-A57B-46E3-A279-BCA11B122C34}.Debug|Any CPU.Build.0 = Debug|Any CPU
		{46EC6A6C-A57B-46E3-A279-BCA11B122C34}.Release|Any CPU.ActiveCfg = Release|Any CPU
		{46EC6A6C-A57B-46E3-A279-BCA11B122C34}.Release|Any CPU.Build.0 = Release|Any CPU
		{EF06E7C4-F4D2-4B62-A83D-038FA51F78F2}.Debug|Any CPU.ActiveCfg = Debug|Any CPU
		{EF06E7C4-F4D2-4B62-A83D-038FA51F78F2}.Debug|Any CPU.Build.0 = Debug|Any CPU
		{EF06E7C4-F4D2-4B62-A83D-038FA51F78F2}.Release|Any CPU.ActiveCfg = Release|Any CPU
		{EF06E7C4-F4D2-4B62-A83D-038FA51F78F2}.Release|Any CPU.Build.0 = Release|Any CPU
		{4A97AEED-D587-42E4-AC82-915CD72287AD}.Debug|Any CPU.ActiveCfg = Debug|Any CPU
		{4A97AEED-D587-42E4-AC82-915CD72287AD}.Debug|Any CPU.Build.0 = Debug|Any CPU
		{4A97AEED-D587-42E4-AC82-915CD72287AD}.Release|Any CPU.ActiveCfg = Release|Any CPU
		{4A97AEED-D587-42E4-AC82-915CD72287AD}.Release|Any CPU.Build.0 = Release|Any CPU
	EndGlobalSection
	GlobalSection(SolutionProperties) = preSolution
		HideSolutionNode = FALSE
	EndGlobalSection
	GlobalSection(ExtensibilityGlobals) = postSolution
		SolutionGuid = {903CF416-7013-4597-B2F4-4A71E6B5A6E7}
	EndGlobalSection
EndGlobal
